
Microsoft Visual Studio Solution File, Format Version 12.00
# Visual Studio Version 16
VisualStudioVersion = 16.0.31829.152
MinimumVisualStudioVersion = 10.0.40219.1
Project("{8BC9CEB8-8B4A-11D0-8D11-00A0C91BC942}") = "cpp4", "cpp4\cpp4.vcxproj", "{D0F5C9C3-8DF5-4E48-AFF4-755BFC02657E}"
EndProject
Global
	GlobalSection(SolutionConfigurationPlatforms) = preSolution
		Debug|x64 = Debug|x64
		Debug|x86 = Debug|x86
		Release|x64 = Release|x64
		Release|x86 = Release|x86
	EndGlobalSection
	GlobalSection(ProjectConfigurationPlatforms) = postSolution
		{D0F5C9C3-8DF5-4E48-AFF4-755BFC02657E}.Debug|x64.ActiveCfg = Debug|x64
		{D0F5C9C3-8DF5-4E48-AFF4-755BFC02657E}.Debug|x64.Build.0 = Debug|x64
		{D0F5C9C3-8DF5-4E48-AFF4-755BFC02657E}.Debug|x86.ActiveCfg = Debug|Win32
		{D0F5C9C3-8DF5-4E48-AFF4-755BFC02657E}.Debug|x86.Build.0 = Debug|Win32
		{D0F5C9C3-8DF5-4E48-AFF4-755BFC02657E}.Release|x64.ActiveCfg = Release|x64
		{D0F5C9C3-8DF5-4E48-AFF4-755BFC02657E}.Release|x64.Build.0 = Release|x64
		{D0F5C9C3-8DF5-4E48-AFF4-755BFC02657E}.Release|x86.ActiveCfg = Release|Win32
		{D0F5C9C3-8DF5-4E48-AFF4-755BFC02657E}.Release|x86.Build.0 = Release|Win32
	EndGlobalSection
	GlobalSection(SolutionProperties) = preSolution
		HideSolutionNode = FALSE
	EndGlobalSection
	GlobalSection(ExtensibilityGlobals) = postSolution
		SolutionGuid = {56FED897-32F9-4C63-B8BF-4E549D33A555}
	EndGlobalSection
EndGlobal
